
Microsoft Visual Studio Solution File, Format Version 12.00
# Visual Studio 15
VisualStudioVersion = 15.0.27130.2010
MinimumVisualStudioVersion = 10.0.40219.1
Project("{2150E333-8FDC-42A3-9474-1A3956D46DE8}") = "DataAccessLayer", "DataAccessLayer", "{DB4CA685-725C-490D-BF33-C5B113E7DD78}"
EndProject
Project("{2150E333-8FDC-42A3-9474-1A3956D46DE8}") = "RepositoryLayer", "RepositoryLayer", "{F47F4CEC-9FD4-4C58-86FB-C83A86C1A57E}"
EndProject
Project("{2150E333-8FDC-42A3-9474-1A3956D46DE8}") = "Utilities", "Utilities", "{A32817F4-33AA-4429-806E-850E5058CAE9}"
EndProject
Project("{FAE04EC0-301F-11D3-BF4B-00C04F79EFBC}") = "Models", "DataAccessLayer\Models\Models.csproj", "{DBB44E3C-4484-4DEC-B5F9-795EE815717B}"
EndProject
Project("{FAE04EC0-301F-11D3-BF4B-00C04F79EFBC}") = "Common", "Utilities\Common\Common.csproj", "{3190B82B-8B15-4740-824A-54043F94F3AC}"
EndProject
Project("{2150E333-8FDC-42A3-9474-1A3956D46DE8}") = "SQLAccess", "SQLAccess", "{C40386DA-B13B-4587-B94F-FCB2EC837EEC}"
EndProject
Project("{FAE04EC0-301F-11D3-BF4B-00C04F79EFBC}") = "Interfaces", "RepositoryLayer\Interfaces\Interfaces.csproj", "{BB38C86F-E724-4956-8217-259C1653F5DB}"
EndProject
Project("{FAE04EC0-301F-11D3-BF4B-00C04F79EFBC}") = "Repositories", "RepositoryLayer\Repositories\Repositories.csproj", "{A558D589-C65B-487C-82CF-6D6F5A40EF88}"
EndProject
Project("{2150E333-8FDC-42A3-9474-1A3956D46DE8}") = "BusinessLogicLayer", "BusinessLogicLayer", "{6D232C28-1B4E-4135-96A3-80A30C65958E}"
EndProject
Project("{FAE04EC0-301F-11D3-BF4B-00C04F79EFBC}") = "Models", "BusinessLogicLayer\Models\Models.csproj", "{1F2B2C55-0221-4107-B426-FDAB26714A83}"
EndProject
Project("{FAE04EC0-301F-11D3-BF4B-00C04F79EFBC}") = "Managers", "BusinessLogicLayer\Managers\Managers.csproj", "{956298A0-85F7-461B-8A45-F1B1EDB40943}"
EndProject
Project("{FAE04EC0-301F-11D3-BF4B-00C04F79EFBC}") = "Interfaces", "BusinessLogicLayer\Interfaces\Interfaces.csproj", "{F417BF99-29A8-428A-BA92-889F3107A20C}"
EndProject
Project("{2150E333-8FDC-42A3-9474-1A3956D46DE8}") = "BusinessLogicLayer.Tests", "BusinessLogicLayer.Tests", "{A1C9EA2F-F811-4F00-923E-F0C71113CF0A}"
EndProject
Project("{FAE04EC0-301F-11D3-BF4B-00C04F79EFBC}") = "Tests", "BusinessLogicLayer.Tests\Tests\Tests.csproj", "{633413CE-DB91-4DCE-A025-3A0A469ACA0B}"
EndProject
Project("{FAE04EC0-301F-11D3-BF4B-00C04F79EFBC}") = "TestConsole", "BusinessLogicLayer.Tests\TestConsole\TestConsole.csproj", "{545DDDC5-1AEA-4219-9192-F4C5DA0B403A}"
EndProject
Project("{FAE04EC0-301F-11D3-BF4B-00C04F79EFBC}") = "Providers", "DataAccessLayer\SQLAccess\Providers.csproj", "{5ED69680-06C4-416F-B205-018796C0B103}"
EndProject
Project("{2150E333-8FDC-42A3-9474-1A3956D46DE8}") = "PresentationLayer", "PresentationLayer", "{9B44DF8D-435B-4A69-8814-A13C8B66A092}"
EndProject
Project("{FAE04EC0-301F-11D3-BF4B-00C04F79EFBC}") = "WebApplication", "PresentationLayer\WebApplication\WebApplication.csproj", "{1E4D1D25-1D19-41DF-9F81-E2E2FFCFD253}"
EndProject
Global
	GlobalSection(SolutionConfigurationPlatforms) = preSolution
		Debug|Any CPU = Debug|Any CPU
		Release|Any CPU = Release|Any CPU
	EndGlobalSection
	GlobalSection(ProjectConfigurationPlatforms) = postSolution
		{DBB44E3C-4484-4DEC-B5F9-795EE815717B}.Debug|Any CPU.ActiveCfg = Debug|Any CPU
		{DBB44E3C-4484-4DEC-B5F9-795EE815717B}.Debug|Any CPU.Build.0 = Debug|Any CPU
		{DBB44E3C-4484-4DEC-B5F9-795EE815717B}.Release|Any CPU.ActiveCfg = Release|Any CPU
		{DBB44E3C-4484-4DEC-B5F9-795EE815717B}.Release|Any CPU.Build.0 = Release|Any CPU
		{3190B82B-8B15-4740-824A-54043F94F3AC}.Debug|Any CPU.ActiveCfg = Debug|Any CPU
		{3190B82B-8B15-4740-824A-54043F94F3AC}.Debug|Any CPU.Build.0 = Debug|Any CPU
		{3190B82B-8B15-4740-824A-54043F94F3AC}.Release|Any CPU.ActiveCfg = Release|Any CPU
		{3190B82B-8B15-4740-824A-54043F94F3AC}.Release|Any CPU.Build.0 = Release|Any CPU
		{BB38C86F-E724-4956-8217-259C1653F5DB}.Debug|Any CPU.ActiveCfg = Debug|Any CPU
		{BB38C86F-E724-4956-8217-259C1653F5DB}.Debug|Any CPU.Build.0 = Debug|Any CPU
		{BB38C86F-E724-4956-8217-259C1653F5DB}.Release|Any CPU.ActiveCfg = Release|Any CPU
		{BB38C86F-E724-4956-8217-259C1653F5DB}.Release|Any CPU.Build.0 = Release|Any CPU
		{A558D589-C65B-487C-82CF-6D6F5A40EF88}.Debug|Any CPU.ActiveCfg = Debug|Any CPU
		{A558D589-C65B-487C-82CF-6D6F5A40EF88}.Debug|Any CPU.Build.0 = Debug|Any CPU
		{A558D589-C65B-487C-82CF-6D6F5A40EF88}.Release|Any CPU.ActiveCfg = Release|Any CPU
		{A558D589-C65B-487C-82CF-6D6F5A40EF88}.Release|Any CPU.Build.0 = Release|Any CPU
		{1F2B2C55-0221-4107-B426-FDAB26714A83}.Debug|Any CPU.ActiveCfg = Debug|Any CPU
		{1F2B2C55-0221-4107-B426-FDAB26714A83}.Debug|Any CPU.Build.0 = Debug|Any CPU
		{1F2B2C55-0221-4107-B426-FDAB26714A83}.Release|Any CPU.ActiveCfg = Release|Any CPU
		{1F2B2C55-0221-4107-B426-FDAB26714A83}.Release|Any CPU.Build.0 = Release|Any CPU
		{956298A0-85F7-461B-8A45-F1B1EDB40943}.Debug|Any CPU.ActiveCfg = Debug|Any CPU
		{956298A0-85F7-461B-8A45-F1B1EDB40943}.Debug|Any CPU.Build.0 = Debug|Any CPU
		{956298A0-85F7-461B-8A45-F1B1EDB40943}.Release|Any CPU.ActiveCfg = Release|Any CPU
		{956298A0-85F7-461B-8A45-F1B1EDB40943}.Release|Any CPU.Build.0 = Release|Any CPU
		{F417BF99-29A8-428A-BA92-889F3107A20C}.Debug|Any CPU.ActiveCfg = Debug|Any CPU
		{F417BF99-29A8-428A-BA92-889F3107A20C}.Debug|Any CPU.Build.0 = Debug|Any CPU
		{F417BF99-29A8-428A-BA92-889F3107A20C}.Release|Any CPU.ActiveCfg = Release|Any CPU
		{F417BF99-29A8-428A-BA92-889F3107A20C}.Release|Any CPU.Build.0 = Release|Any CPU
		{633413CE-DB91-4DCE-A025-3A0A469ACA0B}.Debug|Any CPU.ActiveCfg = Debug|Any CPU
		{633413CE-DB91-4DCE-A025-3A0A469ACA0B}.Debug|Any CPU.Build.0 = Debug|Any CPU
		{633413CE-DB91-4DCE-A025-3A0A469ACA0B}.Release|Any CPU.ActiveCfg = Release|Any CPU
		{633413CE-DB91-4DCE-A025-3A0A469ACA0B}.Release|Any CPU.Build.0 = Release|Any CPU
		{545DDDC5-1AEA-4219-9192-F4C5DA0B403A}.Debug|Any CPU.ActiveCfg = Debug|Any CPU
		{545DDDC5-1AEA-4219-9192-F4C5DA0B403A}.Debug|Any CPU.Build.0 = Debug|Any CPU
		{545DDDC5-1AEA-4219-9192-F4C5DA0B403A}.Release|Any CPU.ActiveCfg = Release|Any CPU
		{545DDDC5-1AEA-4219-9192-F4C5DA0B403A}.Release|Any CPU.Build.0 = Release|Any CPU
		{5ED69680-06C4-416F-B205-018796C0B103}.Debug|Any CPU.ActiveCfg = Debug|Any CPU
		{5ED69680-06C4-416F-B205-018796C0B103}.Debug|Any CPU.Build.0 = Debug|Any CPU
		{5ED69680-06C4-416F-B205-018796C0B103}.Release|Any CPU.ActiveCfg = Release|Any CPU
		{5ED69680-06C4-416F-B205-018796C0B103}.Release|Any CPU.Build.0 = Release|Any CPU
		{1E4D1D25-1D19-41DF-9F81-E2E2FFCFD253}.Debug|Any CPU.ActiveCfg = Debug|Any CPU
		{1E4D1D25-1D19-41DF-9F81-E2E2FFCFD253}.Debug|Any CPU.Build.0 = Debug|Any CPU
		{1E4D1D25-1D19-41DF-9F81-E2E2FFCFD253}.Release|Any CPU.ActiveCfg = Release|Any CPU
		{1E4D1D25-1D19-41DF-9F81-E2E2FFCFD253}.Release|Any CPU.Build.0 = Release|Any CPU
	EndGlobalSection
	GlobalSection(SolutionProperties) = preSolution
		HideSolutionNode = FALSE
	EndGlobalSection
	GlobalSection(NestedProjects) = preSolution
		{DBB44E3C-4484-4DEC-B5F9-795EE815717B} = {DB4CA685-725C-490D-BF33-C5B113E7DD78}
		{3190B82B-8B15-4740-824A-54043F94F3AC} = {A32817F4-33AA-4429-806E-850E5058CAE9}
		{C40386DA-B13B-4587-B94F-FCB2EC837EEC} = {DB4CA685-725C-490D-BF33-C5B113E7DD78}
		{BB38C86F-E724-4956-8217-259C1653F5DB} = {F47F4CEC-9FD4-4C58-86FB-C83A86C1A57E}
		{A558D589-C65B-487C-82CF-6D6F5A40EF88} = {F47F4CEC-9FD4-4C58-86FB-C83A86C1A57E}
		{1F2B2C55-0221-4107-B426-FDAB26714A83} = {6D232C28-1B4E-4135-96A3-80A30C65958E}
		{956298A0-85F7-461B-8A45-F1B1EDB40943} = {6D232C28-1B4E-4135-96A3-80A30C65958E}
		{F417BF99-29A8-428A-BA92-889F3107A20C} = {6D232C28-1B4E-4135-96A3-80A30C65958E}
		{633413CE-DB91-4DCE-A025-3A0A469ACA0B} = {A1C9EA2F-F811-4F00-923E-F0C71113CF0A}
		{545DDDC5-1AEA-4219-9192-F4C5DA0B403A} = {A1C9EA2F-F811-4F00-923E-F0C71113CF0A}
		{5ED69680-06C4-416F-B205-018796C0B103} = {C40386DA-B13B-4587-B94F-FCB2EC837EEC}
		{1E4D1D25-1D19-41DF-9F81-E2E2FFCFD253} = {9B44DF8D-435B-4A69-8814-A13C8B66A092}
	EndGlobalSection
	GlobalSection(ExtensibilityGlobals) = postSolution
		SolutionGuid = {1C88F354-AEFB-4988-A403-C032460D33C2}
	EndGlobalSection
EndGlobal
